
Microsoft Visual Studio Solution File, Format Version 12.00
# Visual Studio Version 17
VisualStudioVersion = 17.4.33110.190
MinimumVisualStudioVersion = 10.0.40219.1
Project("{9A19103F-16F7-4668-BE54-9A1E7A4F7556}") = "API", "API\API.csproj", "{6117D5FC-920E-44F6-945F-A0C9E7847CFD}"
EndProject
Project("{9A19103F-16F7-4668-BE54-9A1E7A4F7556}") = "Core", "Core\Core.csproj", "{8E70C94C-0E44-46E5-A552-21483335529B}"
EndProject
Global
	GlobalSection(SolutionConfigurationPlatforms) = preSolution
		Debug|Any CPU = Debug|Any CPU
		Release|Any CPU = Release|Any CPU
	EndGlobalSection
	GlobalSection(ProjectConfigurationPlatforms) = postSolution
		{6117D5FC-920E-44F6-945F-A0C9E7847CFD}.Debug|Any CPU.ActiveCfg = Debug|Any CPU
		{6117D5FC-920E-44F6-945F-A0C9E7847CFD}.Debug|Any CPU.Build.0 = Debug|Any CPU
		{6117D5FC-920E-44F6-945F-A0C9E7847CFD}.Release|Any CPU.ActiveCfg = Release|Any CPU
		{6117D5FC-920E-44F6-945F-A0C9E7847CFD}.Release|Any CPU.Build.0 = Release|Any CPU
		{8E70C94C-0E44-46E5-A552-21483335529B}.Debug|Any CPU.ActiveCfg = Debug|Any CPU
		{8E70C94C-0E44-46E5-A552-21483335529B}.Debug|Any CPU.Build.0 = Debug|Any CPU
		{8E70C94C-0E44-46E5-A552-21483335529B}.Release|Any CPU.ActiveCfg = Release|Any CPU
		{8E70C94C-0E44-46E5-A552-21483335529B}.Release|Any CPU.Build.0 = Release|Any CPU
	EndGlobalSection
	GlobalSection(SolutionProperties) = preSolution
		HideSolutionNode = FALSE
	EndGlobalSection
	GlobalSection(ExtensibilityGlobals) = postSolution
		SolutionGuid = {99E18F0E-20F1-4EC3-852D-3B1F9C15739F}
	EndGlobalSection
EndGlobal
